PODS:
  - Alamofire (3.4.0)
  - AlamofireImage (2.4.0):
    - Alamofire (~> 3.3)
  - Carlos (0.8):
    - PiedPiper (~> 0.8)
  - Oatmeal (0.3.3):
    - Alamofire
    - AlamofireImage
    - Carlos
    - SwiftyJSON
  - PiedPiper (0.8)
  - SwiftyJSON (2.3.2)

DEPENDENCIES:
  - Alamofire
  - AlamofireImage
  - Carlos
  - Oatmeal (from `../`)
  - SwiftyJSON (from `https://github.com/SwiftyJSON/SwiftyJSON.git`)

EXTERNAL SOURCES:
  Oatmeal:
    :path: "../"
  SwiftyJSON:
    :git: https://github.com/SwiftyJSON/SwiftyJSON.git

CHECKOUT OPTIONS:
  SwiftyJSON:
    :commit: 2a5b70f06001316d4fb54501edc70b4084705da0
    :git: https://github.com/SwiftyJSON/SwiftyJSON.git

SPEC CHECKSUMS:
  Alamofire: c19a627cefd6a95f840401c49ab1f124e07f54ee
  AlamofireImage: 87408b652e0f5ae5fe364035f15aea8b9b24c77e
  Carlos: a81e995dae4301a461be98a7363da2f1cf83a2bf
  Oatmeal: 9304bf1f96a255ba052e95d2d09de2f5206f6e15
  PiedPiper: cadc2fdfedb538958f3c42feffbe6812cdb4ec86
  SwiftyJSON: 04ccea08915aa0109039157c7974cf0298da292a

PODFILE CHECKSUM: 3f8702069da5627000a812e39be4b2a8b53a3c10

COCOAPODS: 1.0.0.beta.6
